// !$*UTF8*$!
{
	archiveVersion = 1;
	classes = {
	};
	objectVersion = 77;
	objects = {

/* Begin PBXBuildFile section */
		94B26C992F9CB4AA000AD7A5 /* mela-watch-timer Watch App.app in Embed Watch Content */ = {isa = PBXBuildFile; fileRef = 94B26C982F9CB4AA000AD7A5 /* mela-watch-timer Watch App.app */; settings = {ATTRIBUTES = (RemoveHeadersOnCopy, ); }; };
/* End PBXBuildFile section */

/* Begin PBXContainerItemProxy section */
		94B26C9A2F9CB4AA000AD7A5 /* PBXContainerItemProxy */ = {
			isa = PBXContainerItemProxy;
			containerPortal = 94B26C8C2F9CB4AA000AD7A5 /* Project object */;
			proxyType = 1;
			remoteGlobalIDString = 94B26C972F9CB4AA000AD7A5;
			remoteInfo = "mela-watch-timer Watch App";
		};
		E80000000000000000000003 = {isa = PBXContainerItemProxy; containerPortal = 94B26C8C2F9CB4AA000AD7A5; proxyType = 1; remoteGlobalIDString = 94B26C972F9CB4AA000AD7A5; remoteInfo = "mela-watch-timer Watch App"; };
/* End PBXContainerItemProxy section */

/* Begin PBXCopyFilesBuildPhase section */
		94B26CA82F9CB4AB000AD7A5 /* Embed Watch Content */ = {
			isa = PBXCopyFilesBuildPhase;
			buildActionMask = 2147483647;
			dstPath = "$(CONTENTS_FOLDER_PATH)/Watch";
			dstSubfolderSpec = 16;
			files = (
				94B26C992F9CB4AA000AD7A5 /* mela-watch-timer Watch App.app in Embed Watch Content */,
			);
			name = "Embed Watch Content";
			runOnlyForDeploymentPostprocessing = 0;
		};
/* End PBXCopyFilesBuildPhase section */

/* Begin PBXFileReference section */
		94B26C922F9CB4AA000AD7A5 /* mela-watch-timer.app */ = {isa = PBXFileReference; explicitFileType = wrapper.application; includeInIndex = 0; path = "mela-watch-timer.app"; sourceTree = BUILT_PRODUCTS_DIR; };
		94B26C982F9CB4AA000AD7A5 /* mela-watch-timer Watch App.app */ = {isa = PBXFileReference; explicitFileType = wrapper.application; includeInIndex = 0; path = "mela-watch-timer Watch App.app"; sourceTree = BUILT_PRODUCTS_DIR; };
		E80000000000000000000001 /* TimerTests.xctest */ = {isa = PBXFileReference; explicitFileType = wrapper.cfbundle; path = TimerTests.xctest; sourceTree = BUILT_PRODUCTS_DIR; };
/* End PBXFileReference section */

/* Begin PBXFileSystemSynchronizedRootGroup section */
		94B26C9C2F9CB4AA000AD7A5 /* mela-watch-timer Watch App */ = {
			isa = PBXFileSystemSynchronizedRootGroup;
			path = "mela-watch-timer Watch App";
			sourceTree = "<group>";
		};
		E80000000000000000000002 /* TimerTests */ = {isa = PBXFileSystemSynchronizedRootGroup; path = TimerTests; sourceTree = "<group>"; };
/* End PBXFileSystemSynchronizedRootGroup section */

/* Begin PBXFrameworksBuildPhase section */
		94B26C952F9CB4AA000AD7A5 /* Frameworks */ = {
			isa = PBXFrameworksBuildPhase;
			buildActionMask = 2147483647;
			files = (
			);
			runOnlyForDeploymentPostprocessing = 0;
		};
		E80000000000000000000006 = {isa = PBXFrameworksBuildPhase; buildActionMask = 2147483647; files = (); runOnlyForDeploymentPostprocessing = 0; };
/* End PBXFrameworksBuildPhase section */

/* Begin PBXGroup section */
		94B26C8B2F9CB4AA000AD7A5 = {
			isa = PBXGroup;
			children = (
				94B26C9C2F9CB4AA000AD7A5 /* mela-watch-timer Watch App */,
				E80000000000000000000002 /* TimerTests */,
				94B26C932F9CB4AA000AD7A5 /* Products */,
			);
			sourceTree = "<group>";
		};
		94B26C932F9CB4AA000AD7A5 /* Products */ = {
			isa = PBXGroup;
			children = (
				94B26C922F9CB4AA000AD7A5 /* mela-watch-timer.app */,
				94B26C982F9CB4AA000AD7A5 /* mela-watch-timer Watch App.app */,
				E80000000000000000000001 /* TimerTests.xctest */,
			);
			name = Products;
			sourceTree = "<group>";
		};
/* End PBXGroup section */

/* Begin PBXNativeTarget section */
		94B26C912F9CB4AA000AD7A5 /* mela-watch-timer */ = {
			isa = PBXNativeTarget;
			buildConfigurationList = 94B26CA92F9CB4AB000AD7A5 /* Build configuration list for PBXNativeTarget "mela-watch-timer" */;
			buildPhases = (
				94B26C902F9CB4AA000AD7A5 /* Resources */,
				94B26CA82F9CB4AB000AD7A5 /* Embed Watch Content */,
			);
			buildRules = (
			);
			dependencies = (
				94B26C9B2F9CB4AA000AD7A5 /* PBXTargetDependency */,
			);
			name = "mela-watch-timer";
			packageProductDependencies = (
			);
			productName = "mela-watch-timer";
			productReference = 94B26C922F9CB4AA000AD7A5 /* mela-watch-timer.app */;
			productType = "com.apple.product-type.application.watchapp2-container";
		};
		94B26C972F9CB4AA000AD7A5 /* mela-watch-timer Watch App */ = {
			isa = PBXNativeTarget;
			buildConfigurationList = 94B26CA52F9CB4AB000AD7A5 /* Build configuration list for PBXNativeTarget "mela-watch-timer Watch App" */;
			buildPhases = (
				94B26C942F9CB4AA000AD7A5 /* Sources */,
				94B26C952F9CB4AA000AD7A5 /* Frameworks */,
				94B26C962F9CB4AA000AD7A5 /* Resources */,
			);
			buildRules = (
			);
			dependencies = (
			);
			fileSystemSynchronizedGroups = (
				94B26C9C2F9CB4AA000AD7A5 /* mela-watch-timer Watch App */,
			);
			name = "mela-watch-timer Watch App";
			packageProductDependencies = (
			);
			productName = "mela-watch-timer Watch App";
			productReference = 94B26C982F9CB4AA000AD7A5 /* mela-watch-timer Watch App.app */;
			productType = "com.apple.product-type.application";
		};
		E80000000000000000000008 /* TimerTests */ = {
            isa = PBXNativeTarget;
            buildConfigurationList = E80000000000000000000009;
            buildPhases = (E80000000000000000000005, E80000000000000000000006, E80000000000000000000007);
            buildRules = ();
            dependencies = (E80000000000000000000004);
            fileSystemSynchronizedGroups = (E80000000000000000000002);
            name = TimerTests;
            productName = TimerTests;
            productReference = E80000000000000000000001;
            productType = "com.apple.product-type.bundle.unit-test";
        };
/* End PBXNativeTarget section */

/* Begin PBXProject section */
		94B26C8C2F9CB4AA000AD7A5 /* Project object */ = {
			isa = PBXProject;
			attributes = {
				BuildIndependentTargetsInParallel = 1;
				LastSwiftUpdateCheck = 2640;
				LastUpgradeCheck = 2640;
				TargetAttributes = {
					94B26C912F9CB4AA000AD7A5 = {
						CreatedOnToolsVersion = 26.4.1;
					};
					94B26C972F9CB4AA000AD7A5 = {
						CreatedOnToolsVersion = 26.4.1;
					};
				};
			};
			buildConfigurationList = 94B26C8F2F9CB4AA000AD7A5 /* Build configuration list for PBXProject "mela-watch-timer" */;
			developmentRegion = ja;
			hasScannedForEncodings = 0;
			knownRegions = (
				ja,
				en,
				Base,
			);
			mainGroup = 94B26C8B2F9CB4AA000AD7A5;
			minimizedProjectReferenceProxies = 1;
			preferredProjectObjectVersion = 77;
			productRefGroup = 94B26C932F9CB4AA000AD7A5 /* Products */;
			projectDirPath = "";
			projectRoot = "";
			targets = (
				94B26C912F9CB4AA000AD7A5 /* mela-watch-timer */,
				94B26C972F9CB4AA000AD7A5 /* mela-watch-timer Watch App */,
				E80000000000000000000008 /* TimerTests */,
			);
		};
/* End PBXProject section */

/* Begin PBXResourcesBuildPhase section */
		94B26C902F9CB4AA000AD7A5 /* Resources */ = {
			isa = PBXResourcesBuildPhase;
			buildActionMask = 2147483647;
			files = (
			);
			runOnlyForDeploymentPostprocessing = 0;
		};
		94B26C962F9CB4AA000AD7A5 /* Resources */ = {
			isa = PBXResourcesBuildPhase;
			buildActionMask = 2147483647;
			files = (
			);
			runOnlyForDeploymentPostprocessing = 0;
		};
		E80000000000000000000007 = {isa = PBXResourcesBuildPhase; buildActionMask = 2147483647; files = (); runOnlyForDeploymentPostprocessing = 0; };
/* End PBXResourcesBuildPhase section */

/* Begin PBXSourcesBuildPhase section */
		94B26C942F9CB4AA000AD7A5 /* Sources */ = {
			isa = PBXSourcesBuildPhase;
			buildActionMask = 2147483647;
			files = (
			);
			runOnlyForDeploymentPostprocessing = 0;
		};
		E80000000000000000000005 = {isa = PBXSourcesBuildPhase; buildActionMask = 2147483647; files = (); runOnlyForDeploymentPostprocessing = 0; };
/* End PBXSourcesBuildPhase section */

/* Begin PBXTargetDependency section */
		94B26C9B2F9CB4AA000AD7A5 /* PBXTargetDependency */ = {
			isa = PBXTargetDependency;
			target = 94B26C972F9CB4AA000AD7A5 /* mela-watch-timer Watch App */;
			targetProxy = 94B26C9A2F9CB4AA000AD7A5 /* PBXContainerItemProxy */;
		};
		E80000000000000000000004 = {isa = PBXTargetDependency; target = 94B26C972F9CB4AA000AD7A5; targetProxy = E80000000000000000000003; };
/* End PBXTargetDependency section */

/* Begin XCBuildConfiguration section */
		94B26CA32F9CB4AB000AD7A5 /* Debug */ = {
			isa = XCBuildConfiguration;
			buildSettings = {
				ALWAYS_SEARCH_USER_PATHS = NO;
				ASSETCATALOG_COMPILER_GENERATE_SWIFT_ASSET_SYMBOL_EXTENSIONS = YES;
				CLANG_ANALYZER_NONNULL = YES;
				CLANG_ANALYZER_NUMBER_OBJECT_CONVERSION = YES_AGGRESSIVE;
				CLANG_CXX_LANGUAGE_STANDARD = "gnu++20";
				CLANG_ENABLE_MODULES = YES;
				CLANG_ENABLE_OBJC_ARC = YES;
				CLANG_ENABLE_OBJC_WEAK = YES;
				CLANG_WARN_BLOCK_CAPTURE_AUTORELEASING = YES;
				CLANG_WARN_BOOL_CONVERSION = YES;
				CLANG_WARN_COMMA = YES;
				CLANG_WARN_CONSTANT_CONVERSION = YES;
				CLANG_WARN_DEPRECATED_OBJC_IMPLEMENTATIONS = YES;
				CLANG_WARN_DIRECT_OBJC_ISA_USAGE = YES_ERROR;
				CLANG_WARN_DOCUMENTATION_COMMENTS = YES;
				CLANG_WARN_EMPTY_BODY = YES;
				CLANG_WARN_ENUM_CONVERSION = YES;
				CLANG_WARN_INFINITE_RECURSION = YES;
				CLANG_WARN_INT_CONVERSION = YES;
				CLANG_WARN_NON_LITERAL_NULL_CONVERSION = YES;
				CLANG_WARN_OBJC_IMPLICIT_RETAIN_SELF = YES;
				CLANG_WARN_OBJC_LITERAL_CONVERSION = YES;
				CLANG_WARN_OBJC_ROOT_CLASS = YES_ERROR;
				CLANG_WARN_QUOTED_INCLUDE_IN_FRAMEWORK_HEADER = YES;
				CLANG_WARN_RANGE_LOOP_ANALYSIS = YES;
				CLANG_WARN_STRICT_PROTOTYPES = YES;
				CLANG_WARN_SUSPICIOUS_MOVE = YES;
				CLANG_WARN_UNGUARDED_AVAILABILITY = YES_AGGRESSIVE;
				CLANG_WARN_UNREACHABLE_CODE = YES;
				CLANG_WARN__DUPLICATE_METHOD_MATCH = YES;
				COPY_PHASE_STRIP = NO;
				DEBUG_INFORMATION_FORMAT = dwarf;
				DEVELOPMENT_TEAM = 6BM2C9CM4T;
				ENABLE_STRICT_OBJC_MSGSEND = YES;
				ENABLE_TESTABILITY = YES;
				ENABLE_USER_SCRIPT_SANDBOXING = YES;
				GCC_C_LANGUAGE_STANDARD = gnu17;
				GCC_DYNAMIC_NO_PIC = NO;
				GCC_NO_COMMON_BLOCKS = YES;
				GCC_OPTIMIZATION_LEVEL = 0;
				GCC_PREPROCESSOR_DEFINITIONS = (
					"DEBUG=1",
					"$(inherited)",
				);
				GCC_WARN_64_TO_32_BIT_CONVERSION = YES;
				GCC_WARN_ABOUT_RETURN_TYPE = YES_ERROR;
				GCC_WARN_UNDECLARED_SELECTOR = YES;
				GCC_WARN_UNINITIALIZED_AUTOS = YES_AGGRESSIVE;
				GCC_WARN_UNUSED_FUNCTION = YES;
				GCC_WARN_UNUSED_VARIABLE = YES;
				LOCALIZATION_PREFERS_STRING_CATALOGS = YES;
				MTL_ENABLE_DEBUG_INFO = INCLUDE_SOURCE;
				MTL_FAST_MATH = YES;
				ONLY_ACTIVE_ARCH = YES;
				SWIFT_ACTIVE_COMPILATION_CONDITIONS = "DEBUG $(inherited)";
				SWIFT_OPTIMIZATION_LEVEL = "-Onone";
			};
			name = Debug;
		};
		94B26CA42F9CB4AB000AD7A5 /* Release */ = {
			isa = XCBuildConfiguration;
			buildSettings = {
				ALWAYS_SEARCH_USER_PATHS = NO;
				ASSETCATALOG_COMPILER_GENERATE_SWIFT_ASSET_SYMBOL_EXTENSIONS = YES;
				CLANG_ANALYZER_NONNULL = YES;
				CLANG_ANALYZER_NUMBER_OBJECT_CONVERSION = YES_AGGRESSIVE;
				CLANG_CXX_LANGUAGE_STANDARD = "gnu++20";
				CLANG_ENABLE_MODULES = YES;
				CLANG_ENABLE_OBJC_ARC = YES;
				CLANG_ENABLE_OBJC_WEAK = YES;
				CLANG_WARN_BLOCK_CAPTURE_AUTORELEASING = YES;
				CLANG_WARN_BOOL_CONVERSION = YES;
				CLANG_WARN_COMMA = YES;
				CLANG_WARN_CONSTANT_CONVERSION = YES;
				CLANG_WARN_DEPRECATED_OBJC_IMPLEMENTATIONS = YES;
				CLANG_WARN_DIRECT_OBJC_ISA_USAGE = YES_ERROR;
				CLANG_WARN_DOCUMENTATION_COMMENTS = YES;
				CLANG_WARN_EMPTY_BODY = YES;
				CLANG_WARN_ENUM_CONVERSION = YES;
				CLANG_WARN_INFINITE_RECURSION = YES;
				CLANG_WARN_INT_CONVERSION = YES;
				CLANG_WARN_NON_LITERAL_NULL_CONVERSION = YES;
				CLANG_WARN_OBJC_IMPLICIT_RETAIN_SELF = YES;
				CLANG_WARN_OBJC_LITERAL_CONVERSION = YES;
				CLANG_WARN_OBJC_ROOT_CLASS = YES_ERROR;
				CLANG_WARN_QUOTED_INCLUDE_IN_FRAMEWORK_HEADER = YES;
				CLANG_WARN_RANGE_LOOP_ANALYSIS = YES;
				CLANG_WARN_STRICT_PROTOTYPES = YES;
				CLANG_WARN_SUSPICIOUS_MOVE = YES;
				CLANG_WARN_UNGUARDED_AVAILABILITY = YES_AGGRESSIVE;
				CLANG_WARN_UNREACHABLE_CODE = YES;
				CLANG_WARN__DUPLICATE_METHOD_MATCH = YES;
				COPY_PHASE_STRIP = NO;
				DEBUG_INFORMATION_FORMAT = "dwarf-with-dsym";
				DEVELOPMENT_TEAM = 6BM2C9CM4T;
				ENABLE_NS_ASSERTIONS = NO;
				ENABLE_STRICT_OBJC_MSGSEND = YES;
				ENABLE_USER_SCRIPT_SANDBOXING = YES;
				GCC_C_LANGUAGE_STANDARD = gnu17;
				GCC_NO_COMMON_BLOCKS = YES;
				GCC_WARN_64_TO_32_BIT_CONVERSION = YES;
				GCC_WARN_ABOUT_RETURN_TYPE = YES_ERROR;
				GCC_WARN_UNDECLARED_SELECTOR = YES;
				GCC_WARN_UNINITIALIZED_AUTOS = YES_AGGRESSIVE;
				GCC_WARN_UNUSED_FUNCTION = YES;
				GCC_WARN_UNUSED_VARIABLE = YES;
				LOCALIZATION_PREFERS_STRING_CATALOGS = YES;
				MTL_ENABLE_DEBUG_INFO = NO;
				MTL_FAST_MATH = YES;
				SWIFT_COMPILATION_MODE = wholemodule;
			};
			name = Release;
		};
		94B26CA62F9CB4AB000AD7A5 /* Debug */ = {
			isa = XCBuildConfiguration;
			buildSettings = {
				ASSETCATALOG_COMPILER_APPICON_NAME = AppIcon;
				ASSETCATALOG_COMPILER_GLOBAL_ACCENT_COLOR_NAME = AccentColor;
				CODE_SIGN_STYLE = Automatic;
				CURRENT_PROJECT_VERSION = 1;
				DEVELOPMENT_TEAM = 6BM2C9CM4T;
				ENABLE_PREVIEWS = YES;
				GENERATE_INFOPLIST_FILE = YES;
				INFOPLIST_KEY_CFBundleDisplayName = mela;
				INFOPLIST_KEY_UISupportedInterfaceOrientations = "UIInterfaceOrientationPortrait UIInterfaceOrientationPortraitUpsideDown";
				INFOPLIST_KEY_WKWatchOnly = YES;
				LD_RUNPATH_SEARCH_PATHS = (
					"$(inherited)",
					"@executable_path/Frameworks",
				);
				MARKETING_VERSION = 1.0;
				PRODUCT_BUNDLE_IDENTIFIER = "com.github.shinma06.mela-watch-timer.watchkitapp";
				PRODUCT_NAME = "$(TARGET_NAME)";
				SDKROOT = watchos;
				SKIP_INSTALL = YES;
				STRING_CATALOG_GENERATE_SYMBOLS = YES;
				SWIFT_APPROACHABLE_CONCURRENCY = YES;
				SWIFT_DEFAULT_ACTOR_ISOLATION = MainActor;
				SWIFT_EMIT_LOC_STRINGS = YES;
				SWIFT_UPCOMING_FEATURE_MEMBER_IMPORT_VISIBILITY = YES;
				SWIFT_VERSION = 6.0;
				TARGETED_DEVICE_FAMILY = 4;
				WATCHOS_DEPLOYMENT_TARGET = 26.4;
			};
			name = Debug;
		};
		94B26CA72F9CB4AB000AD7A5 /* Release */ = {
			isa = XCBuildConfiguration;
			buildSettings = {
				ASSETCATALOG_COMPILER_APPICON_NAME = AppIcon;
				ASSETCATALOG_COMPILER_GLOBAL_ACCENT_COLOR_NAME = AccentColor;
				CODE_SIGN_STYLE = Automatic;
				CURRENT_PROJECT_VERSION = 1;
				DEVELOPMENT_TEAM = 6BM2C9CM4T;
				ENABLE_PREVIEWS = YES;
				GENERATE_INFOPLIST_FILE = YES;
				INFOPLIST_KEY_CFBundleDisplayName = mela;
				INFOPLIST_KEY_UISupportedInterfaceOrientations = "UIInterfaceOrientationPortrait UIInterfaceOrientationPortraitUpsideDown";
				INFOPLIST_KEY_WKWatchOnly = YES;
				LD_RUNPATH_SEARCH_PATHS = (
					"$(inherited)",
					"@executable_path/Frameworks",
				);
				MARKETING_VERSION = 1.0;
				PRODUCT_BUNDLE_IDENTIFIER = "com.github.shinma06.mela-watch-timer.watchkitapp";
				PRODUCT_NAME = "$(TARGET_NAME)";
				SDKROOT = watchos;
				SKIP_INSTALL = YES;
				STRING_CATALOG_GENERATE_SYMBOLS = YES;
				SWIFT_APPROACHABLE_CONCURRENCY = YES;
				SWIFT_DEFAULT_ACTOR_ISOLATION = MainActor;
				SWIFT_EMIT_LOC_STRINGS = YES;
				SWIFT_UPCOMING_FEATURE_MEMBER_IMPORT_VISIBILITY = YES;
				SWIFT_VERSION = 6.0;
				TARGETED_DEVICE_FAMILY = 4;
				VALIDATE_PRODUCT = YES;
				WATCHOS_DEPLOYMENT_TARGET = 26.4;
			};
			name = Release;
		};
		94B26CAA2F9CB4AB000AD7A5 /* Debug */ = {
			isa = XCBuildConfiguration;
			buildSettings = {
				CODE_SIGN_STYLE = Automatic;
				CURRENT_PROJECT_VERSION = 1;
				DEVELOPMENT_TEAM = 6BM2C9CM4T;
				INFOPLIST_KEY_CFBundleDisplayName = mela;
				MARKETING_VERSION = 1.0;
				PRODUCT_BUNDLE_IDENTIFIER = "com.github.shinma06.mela-watch-timer";
				PRODUCT_NAME = "$(TARGET_NAME)";
				SDKROOT = iphoneos;
				SWIFT_APPROACHABLE_CONCURRENCY = YES;
				SWIFT_UPCOMING_FEATURE_MEMBER_IMPORT_VISIBILITY = YES;
				SWIFT_VERSION = 6.0;
			};
			name = Debug;
		};
		94B26CAB2F9CB4AB000AD7A5 /* Release */ = {
			isa = XCBuildConfiguration;
			buildSettings = {
				CODE_SIGN_STYLE = Automatic;
				CURRENT_PROJECT_VERSION = 1;
				DEVELOPMENT_TEAM = 6BM2C9CM4T;
				INFOPLIST_KEY_CFBundleDisplayName = mela;
				MARKETING_VERSION = 1.0;
				PRODUCT_BUNDLE_IDENTIFIER = "com.github.shinma06.mela-watch-timer";
				PRODUCT_NAME = "$(TARGET_NAME)";
				SDKROOT = iphoneos;
				SWIFT_APPROACHABLE_CONCURRENCY = YES;
				SWIFT_UPCOMING_FEATURE_MEMBER_IMPORT_VISIBILITY = YES;
				SWIFT_VERSION = 6.0;
				VALIDATE_PRODUCT = YES;
			};
			name = Release;
		};
		E80000000000000000000010 = {
            isa = XCBuildConfiguration;
            buildSettings = {
                BUNDLE_LOADER = "$(TEST_HOST)";
                CODE_SIGN_STYLE = Automatic;
                GENERATE_INFOPLIST_FILE = YES;
                LD_RUNPATH_SEARCH_PATHS = ("$(inherited)", "@executable_path/Frameworks", "@loader_path/Frameworks");
                PRODUCT_BUNDLE_IDENTIFIER = "com.github.shinma06.mela-watch-timer.tests";
                PRODUCT_NAME = "$(TARGET_NAME)";
                SDKROOT = watchos;
                SUPPORTED_PLATFORMS = "watchos watchsimulator";
                SWIFT_VERSION = 6.0;
                SWIFT_APPROACHABLE_CONCURRENCY = YES;
                TARGETED_DEVICE_FAMILY = 4;
                TEST_HOST = "$(BUILT_PRODUCTS_DIR)/mela-watch-timer Watch App.app/$(BUNDLE_EXECUTABLE_FOLDER_PATH)/mela-watch-timer Watch App";
                WATCHOS_DEPLOYMENT_TARGET = 26.4;
            };
            name = Debug;
        };
		E80000000000000000000011 = {
            isa = XCBuildConfiguration;
            buildSettings = {
                BUNDLE_LOADER = "$(TEST_HOST)";
                CODE_SIGN_STYLE = Automatic;
                GENERATE_INFOPLIST_FILE = YES;
                LD_RUNPATH_SEARCH_PATHS = ("$(inherited)", "@executable_path/Frameworks", "@loader_path/Frameworks");
                PRODUCT_BUNDLE_IDENTIFIER = "com.github.shinma06.mela-watch-timer.tests";
                PRODUCT_NAME = "$(TARGET_NAME)";
                SDKROOT = watchos;
                SUPPORTED_PLATFORMS = "watchos watchsimulator";
                SWIFT_VERSION = 6.0;
                SWIFT_APPROACHABLE_CONCURRENCY = YES;
                TARGETED_DEVICE_FAMILY = 4;
                TEST_HOST = "$(BUILT_PRODUCTS_DIR)/mela-watch-timer Watch App.app/$(BUNDLE_EXECUTABLE_FOLDER_PATH)/mela-watch-timer Watch App";
                WATCHOS_DEPLOYMENT_TARGET = 26.4;
            };
            name = Release;
        };
/* End XCBuildConfiguration section */

/* Begin XCConfigurationList section */
		94B26C8F2F9CB4AA000AD7A5 /* Build configuration list for PBXProject "mela-watch-timer" */ = {
			isa = XCConfigurationList;
			buildConfigurations = (
				94B26CA32F9CB4AB000AD7A5 /* Debug */,
				94B26CA42F9CB4AB000AD7A5 /* Release */,
			);
			defaultConfigurationIsVisible = 0;
			defaultConfigurationName = Release;
		};
		94B26CA52F9CB4AB000AD7A5 /* Build configuration list for PBXNativeTarget "mela-watch-timer Watch App" */ = {
			isa = XCConfigurationList;
			buildConfigurations = (
				94B26CA62F9CB4AB000AD7A5 /* Debug */,
				94B26CA72F9CB4AB000AD7A5 /* Release */,
			);
			defaultConfigurationIsVisible = 0;
			defaultConfigurationName = Release;
		};
		94B26CA92F9CB4AB000AD7A5 /* Build configuration list for PBXNativeTarget "mela-watch-timer" */ = {
			isa = XCConfigurationList;
			buildConfigurations = (
				94B26CAA2F9CB4AB000AD7A5 /* Debug */,
				94B26CAB2F9CB4AB000AD7A5 /* Release */,
			);
			defaultConfigurationIsVisible = 0;
			defaultConfigurationName = Release;
		};
		E80000000000000000000009 = {isa = XCConfigurationList; buildConfigurations = (E80000000000000000000010, E80000000000000000000011); defaultConfigurationIsVisible = 0; defaultConfigurationName = Release; };
/* End XCConfigurationList section */
	};
	rootObject = 94B26C8C2F9CB4AA000AD7A5 /* Project object */;
}
